
Microsoft Visual Studio Solution File, Format Version 12.00
# Visual Studio 14
VisualStudioVersion = 14.0.25420.1
MinimumVisualStudioVersion = 10.0.40219.1
Project("{FAE04EC0-301F-11D3-BF4B-00C04F79EFBC}") = "ProblemShare.Web", "ProblemShare.Web\ProblemShare.Web.csproj", "{9E1583DD-76B8-4CE9-A3D1-14A660AA35DB}"
EndProject
Project("{FAE04EC0-301F-11D3-BF4B-00C04F79EFBC}") = "ProblemShare.Tests", "ProblemShare.Tests\ProblemShare.Tests.csproj", "{5CA9E080-A9FD-4BDE-BBF2-2BBC6D65B285}"
EndProject
Project("{FAE04EC0-301F-11D3-BF4B-00C04F79EFBC}") = "ProblemShare.Web.Business", "ProblemShare.Web.Business\ProblemShare.Web.Business.csproj", "{E49AD353-2472-4A11-BD23-B780F876CCDB}"
EndProject
Project("{FAE04EC0-301F-11D3-BF4B-00C04F79EFBC}") = "ProblemShare.Web.Interface", "ProblemShare.Web.Interface\ProblemShare.Web.Interface.csproj", "{F77B8B97-35CE-4F04-883F-1034E447E5D5}"
EndProject
Project("{FAE04EC0-301F-11D3-BF4B-00C04F79EFBC}") = "ProblemShare.Web.Models", "ProblemShare.Web.Models\ProblemShare.Web.Models.csproj", "{EAE99160-B3CC-46D5-9B36-F68C02FB361B}"
EndProject
Project("{FAE04EC0-301F-11D3-BF4B-00C04F79EFBC}") = "ProblemShare.Web.Entities", "ProblemShare.Web.Entities\ProblemShare.Web.Entities.csproj", "{A24E7C67-E463-41E9-BA7D-D3E3C26E5A06}"
EndProject
Global
	GlobalSection(SolutionConfigurationPlatforms) = preSolution
		Debug|Any CPU = Debug|Any CPU
		Release|Any CPU = Release|Any CPU
	EndGlobalSection
	GlobalSection(ProjectConfigurationPlatforms) = postSolution
		{9E1583DD-76B8-4CE9-A3D1-14A660AA35DB}.Debug|Any CPU.ActiveCfg = Debug|Any CPU
		{9E1583DD-76B8-4CE9-A3D1-14A660AA35DB}.Debug|Any CPU.Build.0 = Debug|Any CPU
		{9E1583DD-76B8-4CE9-A3D1-14A660AA35DB}.Release|Any CPU.ActiveCfg = Release|Any CPU
		{9E1583DD-76B8-4CE9-A3D1-14A660AA35DB}.Release|Any CPU.Build.0 = Release|Any CPU
		{5CA9E080-A9FD-4BDE-BBF2-2BBC6D65B285}.Debug|Any CPU.ActiveCfg = Debug|Any CPU
		{5CA9E080-A9FD-4BDE-BBF2-2BBC6D65B285}.Debug|Any CPU.Build.0 = Debug|Any CPU
		{5CA9E080-A9FD-4BDE-BBF2-2BBC6D65B285}.Release|Any CPU.ActiveCfg = Release|Any CPU
		{5CA9E080-A9FD-4BDE-BBF2-2BBC6D65B285}.Release|Any CPU.Build.0 = Release|Any CPU
		{E49AD353-2472-4A11-BD23-B780F876CCDB}.Debug|Any CPU.ActiveCfg = Debug|Any CPU
		{E49AD353-2472-4A11-BD23-B780F876CCDB}.Debug|Any CPU.Build.0 = Debug|Any CPU
		{E49AD353-2472-4A11-BD23-B780F876CCDB}.Release|Any CPU.ActiveCfg = Release|Any CPU
		{E49AD353-2472-4A11-BD23-B780F876CCDB}.Release|Any CPU.Build.0 = Release|Any CPU
		{F77B8B97-35CE-4F04-883F-1034E447E5D5}.Debug|Any CPU.ActiveCfg = Debug|Any CPU
		{F77B8B97-35CE-4F04-883F-1034E447E5D5}.Debug|Any CPU.Build.0 = Debug|Any CPU
		{F77B8B97-35CE-4F04-883F-1034E447E5D5}.Release|Any CPU.ActiveCfg = Release|Any CPU
		{F77B8B97-35CE-4F04-883F-1034E447E5D5}.Release|Any CPU.Build.0 = Release|Any CPU
		{EAE99160-B3CC-46D5-9B36-F68C02FB361B}.Debug|Any CPU.ActiveCfg = Debug|Any CPU
		{EAE99160-B3CC-46D5-9B36-F68C02FB361B}.Debug|Any CPU.Build.0 = Debug|Any CPU
		{EAE99160-B3CC-46D5-9B36-F68C02FB361B}.Release|Any CPU.ActiveCfg = Release|Any CPU
		{EAE99160-B3CC-46D5-9B36-F68C02FB361B}.Release|Any CPU.Build.0 = Release|Any CPU
		{A24E7C67-E463-41E9-BA7D-D3E3C26E5A06}.Debug|Any CPU.ActiveCfg = Debug|Any CPU
		{A24E7C67-E463-41E9-BA7D-D3E3C26E5A06}.Debug|Any CPU.Build.0 = Debug|Any CPU
		{A24E7C67-E463-41E9-BA7D-D3E3C26E5A06}.Release|Any CPU.ActiveCfg = Release|Any CPU
		{A24E7C67-E463-41E9-BA7D-D3E3C26E5A06}.Release|Any CPU.Build.0 = Release|Any CPU
	EndGlobalSection
	GlobalSection(SolutionProperties) = preSolution
		HideSolutionNode = FALSE
	EndGlobalSection
EndGlobal
